
Microsoft Visual Studio Solution File, Format Version 12.00
# Visual Studio Version 17
VisualStudioVersion = 17.14.36301.6 d17.14
MinimumVisualStudioVersion = 10.0.40219.1
Project("{FAE04EC0-301F-11D3-BF4B-00C04F79EFBC}") = "Library Management System", "Library Management System.csproj", "{EE72C96C-E031-4515-A38F-51C410214A59}"
EndProject
Global
	GlobalSection(SolutionConfigurationPlatforms) = preSolution
		Debug|Any CPU = Debug|Any CPU
		Release|Any CPU = Release|Any CPU
	EndGlobalSection
	GlobalSection(ProjectConfigurationPlatforms) = postSolution
		{EE72C96C-E031-4515-A38F-51C410214A59}.Debug|Any CPU.ActiveCfg = Debug|Any CPU
		{EE72C96C-E031-4515-A38F-51C410214A59}.Debug|Any CPU.Build.0 = Debug|Any CPU
		{EE72C96C-E031-4515-A38F-51C410214A59}.Release|Any CPU.ActiveCfg = Release|Any CPU
		{EE72C96C-E031-4515-A38F-51C410214A59}.Release|Any CPU.Build.0 = Release|Any CPU
	EndGlobalSection
	GlobalSection(SolutionProperties) = preSolution
		HideSolutionNode = FALSE
	EndGlobalSection
	GlobalSection(ExtensibilityGlobals) = postSolution
		SolutionGuid = {75FD730D-2307-438F-8E15-F33278D7589C}
	EndGlobalSection
EndGlobal
